
Microsoft Visual Studio Solution File, Format Version 12.00
# Visual Studio Version 17
VisualStudioVersion = 17.4.33213.308
MinimumVisualStudioVersion = 10.0.40219.1
Project("{FAE04EC0-301F-11D3-BF4B-00C04F79EFBC}") = "System Integrity Client", "System Integrity Client\System Integrity Client.csproj", "{813D3BBA-DB11-439C-9C04-0CF8942446EE}"
EndProject
Global
	GlobalSection(SolutionConfigurationPlatforms) = preSolution
		Debug|Any CPU = Debug|Any CPU
		Release|Any CPU = Release|Any CPU
	EndGlobalSection
	GlobalSection(ProjectConfigurationPlatforms) = postSolution
		{813D3BBA-DB11-439C-9C04-0CF8942446EE}.Debug|Any CPU.ActiveCfg = Debug|Any CPU
		{813D3BBA-DB11-439C-9C04-0CF8942446EE}.Debug|Any CPU.Build.0 = Debug|Any CPU
		{813D3BBA-DB11-439C-9C04-0CF8942446EE}.Release|Any CPU.ActiveCfg = Release|Any CPU
		{813D3BBA-DB11-439C-9C04-0CF8942446EE}.Release|Any CPU.Build.0 = Release|Any CPU
	EndGlobalSection
	GlobalSection(SolutionProperties) = preSolution
		HideSolutionNode = FALSE
	EndGlobalSection
	GlobalSection(ExtensibilityGlobals) = postSolution
		SolutionGuid = {3D75AD54-ADED-4427-A893-4C6FC5850DB4}
	EndGlobalSection
EndGlobal
